
Microsoft Visual Studio Solution File, Format Version 12.00
# Visual Studio Version 17
VisualStudioVersion = 17.8.34322.80
MinimumVisualStudioVersion = 10.0.40219.1
Project("{FAE04EC0-301F-11D3-BF4B-00C04F79EFBC}") = "BossFight", "BossFight.csproj", "{55A2DC66-E65E-4ACB-B16D-5256F0071BD2}"
EndProject
Global
	GlobalSection(SolutionConfigurationPlatforms) = preSolution
		Debug|Any CPU = Debug|Any CPU
		Release|Any CPU = Release|Any CPU
	EndGlobalSection
	GlobalSection(ProjectConfigurationPlatforms) = postSolution
		{55A2DC66-E65E-4ACB-B16D-5256F0071BD2}.Debug|Any CPU.ActiveCfg = Debug|Any CPU
		{55A2DC66-E65E-4ACB-B16D-5256F0071BD2}.Debug|Any CPU.Build.0 = Debug|Any CPU
		{55A2DC66-E65E-4ACB-B16D-5256F0071BD2}.Release|Any CPU.ActiveCfg = Release|Any CPU
		{55A2DC66-E65E-4ACB-B16D-5256F0071BD2}.Release|Any CPU.Build.0 = Release|Any CPU
	EndGlobalSection
	GlobalSection(SolutionProperties) = preSolution
		HideSolutionNode = FALSE
	EndGlobalSection
	GlobalSection(ExtensibilityGlobals) = postSolution
		SolutionGuid = {93FE89DE-0290-4803-9D2D-04A9C37D885D}
	EndGlobalSection
EndGlobal
